
Microsoft Visual Studio Solution File, Format Version 12.00
# Visual Studio 15
Project("{FAE04EC0-301F-11D3-BF4B-00C04F79EFBC}") = "Assembly-CSharp", "Assembly-CSharp.csproj", "{446FA19B-3819-11BA-62ED-ECC1C9FE45DA}"
EndProject
Project("{FAE04EC0-301F-11D3-BF4B-00C04F79EFBC}") = "Assembly-CSharp-Editor", "Assembly-CSharp-Editor.csproj", "{3D57B94A-F3B6-CCEE-4585-C4B1CA2DEB7D}"
EndProject
Global
	GlobalSection(SolutionConfigurationPlatforms) = preSolution
		Debug|Any CPU = Debug|Any CPU
		Release|Any CPU = Release|Any CPU
	EndGlobalSection
	GlobalSection(ProjectConfigurationPlatforms) = postSolution
		{446FA19B-3819-11BA-62ED-ECC1C9FE45DA}.Debug|Any CPU.ActiveCfg = Debug|Any CPU
		{446FA19B-3819-11BA-62ED-ECC1C9FE45DA}.Debug|Any CPU.Build.0 = Debug|Any CPU
		{446FA19B-3819-11BA-62ED-ECC1C9FE45DA}.Release|Any CPU.ActiveCfg = Release|Any CPU
		{446FA19B-3819-11BA-62ED-ECC1C9FE45DA}.Release|Any CPU.Build.0 = Release|Any CPU
		{3D57B94A-F3B6-CCEE-4585-C4B1CA2DEB7D}.Debug|Any CPU.ActiveCfg = Debug|Any CPU
		{3D57B94A-F3B6-CCEE-4585-C4B1CA2DEB7D}.Debug|Any CPU.Build.0 = Debug|Any CPU
		{3D57B94A-F3B6-CCEE-4585-C4B1CA2DEB7D}.Release|Any CPU.ActiveCfg = Release|Any CPU
		{3D57B94A-F3B6-CCEE-4585-C4B1CA2DEB7D}.Release|Any CPU.Build.0 = Release|Any CPU
	EndGlobalSection
	GlobalSection(SolutionProperties) = preSolution
		HideSolutionNode = FALSE
	EndGlobalSection
EndGlobal
